
Microsoft Visual Studio Solution File, Format Version 12.00
# Visual Studio 2013
VisualStudioVersion = 12.0.40629.0
MinimumVisualStudioVersion = 10.0.40219.1
Project("{FAE04EC0-301F-11D3-BF4B-00C04F79EFBC}") = "TW.Resfit.ConsoleDriver", "ResourceFitness\TW.Resfit.ConsoleDriver.csproj", "{6C337525-29E4-443E-B643-1D1A939142F4}"
EndProject
Project("{2150E333-8FDC-42A3-9474-1A3956D46DE8}") = "_UnitTests", "_UnitTests", "{78AEE656-0FDD-431E-8E8E-5763B13C8954}"
EndProject
Project("{FAE04EC0-301F-11D3-BF4B-00C04F79EFBC}") = "TW.Resfit.Core.Tests", "Core.Tests\TW.Resfit.Core.Tests.csproj", "{E2964E82-D0E0-40BF-9A24-50C8CCEA8AA7}"
EndProject
Project("{FAE04EC0-301F-11D3-BF4B-00C04F79EFBC}") = "TW.Resfit.Core", "ResourceCore\TW.Resfit.Core.csproj", "{37C9CF69-DD28-4BF4-A4E3-507765E256FD}"
EndProject
Project("{2150E333-8FDC-42A3-9474-1A3956D46DE8}") = "_Requirements", "_Requirements", "{BAD6E16C-C332-4EB9-A919-D5DF4B857DF8}"
EndProject
Project("{FAE04EC0-301F-11D3-BF4B-00C04F79EFBC}") = "TW.Resfit.Core.Requirements", "TW.Core.Requirements\TW.Resfit.Core.Requirements.csproj", "{B858B084-4AF3-4A1D-92CC-7989628CDB06}"
EndProject
Project("{FAE04EC0-301F-11D3-BF4B-00C04F79EFBC}") = "TW.Resfit.FileUtils", "TW.Resfit.FileUtils\TW.Resfit.FileUtils.csproj", "{AF895EED-D97D-4644-BE07-991071898EE0}"
EndProject
Project("{FAE04EC0-301F-11D3-BF4B-00C04F79EFBC}") = "TW.Resfit.FileUtils.Tests", "TW.Resfit.FileUtils.Tests\TW.Resfit.FileUtils.Tests.csproj", "{C08C82DE-CABC-466B-A39A-55A6C1E05F9E}"
EndProject
Project("{FAE04EC0-301F-11D3-BF4B-00C04F79EFBC}") = "TW.Resfit.Framework.Testing", "TW.Resfit.Common.Tests\TW.Resfit.Framework.Testing.csproj", "{4A6A041C-BF0A-47C8-BC8A-3A6B4CBE8820}"
EndProject
Project("{FAE04EC0-301F-11D3-BF4B-00C04F79EFBC}") = "TW.Resfit.Framework.Requirements", "TW.Resfit.Framework.Requirements\TW.Resfit.Framework.Requirements.csproj", "{63A7DBDC-85A8-4840-B3B7-ECB61DA93DA5}"
EndProject
Global
	GlobalSection(SolutionConfigurationPlatforms) = preSolution
		Debug|Any CPU = Debug|Any CPU
		Release|Any CPU = Release|Any CPU
	EndGlobalSection
	GlobalSection(ProjectConfigurationPlatforms) = postSolution
		{6C337525-29E4-443E-B643-1D1A939142F4}.Debug|Any CPU.ActiveCfg = Debug|Any CPU
		{6C337525-29E4-443E-B643-1D1A939142F4}.Debug|Any CPU.Build.0 = Debug|Any CPU
		{6C337525-29E4-443E-B643-1D1A939142F4}.Release|Any CPU.ActiveCfg = Release|Any CPU
		{6C337525-29E4-443E-B643-1D1A939142F4}.Release|Any CPU.Build.0 = Release|Any CPU
		{E2964E82-D0E0-40BF-9A24-50C8CCEA8AA7}.Debug|Any CPU.ActiveCfg = Debug|Any CPU
		{E2964E82-D0E0-40BF-9A24-50C8CCEA8AA7}.Debug|Any CPU.Build.0 = Debug|Any CPU
		{E2964E82-D0E0-40BF-9A24-50C8CCEA8AA7}.Release|Any CPU.ActiveCfg = Release|Any CPU
		{E2964E82-D0E0-40BF-9A24-50C8CCEA8AA7}.Release|Any CPU.Build.0 = Release|Any CPU
		{37C9CF69-DD28-4BF4-A4E3-507765E256FD}.Debug|Any CPU.ActiveCfg = Debug|Any CPU
		{37C9CF69-DD28-4BF4-A4E3-507765E256FD}.Debug|Any CPU.Build.0 = Debug|Any CPU
		{37C9CF69-DD28-4BF4-A4E3-507765E256FD}.Release|Any CPU.ActiveCfg = Release|Any CPU
		{37C9CF69-DD28-4BF4-A4E3-507765E256FD}.Release|Any CPU.Build.0 = Release|Any CPU
		{B858B084-4AF3-4A1D-92CC-7989628CDB06}.Debug|Any CPU.ActiveCfg = Debug|Any CPU
		{B858B084-4AF3-4A1D-92CC-7989628CDB06}.Debug|Any CPU.Build.0 = Debug|Any CPU
		{B858B084-4AF3-4A1D-92CC-7989628CDB06}.Release|Any CPU.ActiveCfg = Release|Any CPU
		{B858B084-4AF3-4A1D-92CC-7989628CDB06}.Release|Any CPU.Build.0 = Release|Any CPU
		{AF895EED-D97D-4644-BE07-991071898EE0}.Debug|Any CPU.ActiveCfg = Debug|Any CPU
		{AF895EED-D97D-4644-BE07-991071898EE0}.Debug|Any CPU.Build.0 = Debug|Any CPU
		{AF895EED-D97D-4644-BE07-991071898EE0}.Release|Any CPU.ActiveCfg = Release|Any CPU
		{AF895EED-D97D-4644-BE07-991071898EE0}.Release|Any CPU.Build.0 = Release|Any CPU
		{C08C82DE-CABC-466B-A39A-55A6C1E05F9E}.Debug|Any CPU.ActiveCfg = Debug|Any CPU
		{C08C82DE-CABC-466B-A39A-55A6C1E05F9E}.Debug|Any CPU.Build.0 = Debug|Any CPU
		{C08C82DE-CABC-466B-A39A-55A6C1E05F9E}.Release|Any CPU.ActiveCfg = Release|Any CPU
		{C08C82DE-CABC-466B-A39A-55A6C1E05F9E}.Release|Any CPU.Build.0 = Release|Any CPU
		{4A6A041C-BF0A-47C8-BC8A-3A6B4CBE8820}.Debug|Any CPU.ActiveCfg = Debug|Any CPU
		{4A6A041C-BF0A-47C8-BC8A-3A6B4CBE8820}.Debug|Any CPU.Build.0 = Debug|Any CPU
		{4A6A041C-BF0A-47C8-BC8A-3A6B4CBE8820}.Release|Any CPU.ActiveCfg = Release|Any CPU
		{4A6A041C-BF0A-47C8-BC8A-3A6B4CBE8820}.Release|Any CPU.Build.0 = Release|Any CPU
		{63A7DBDC-85A8-4840-B3B7-ECB61DA93DA5}.Debug|Any CPU.ActiveCfg = Debug|Any CPU
		{63A7DBDC-85A8-4840-B3B7-ECB61DA93DA5}.Debug|Any CPU.Build.0 = Debug|Any CPU
		{63A7DBDC-85A8-4840-B3B7-ECB61DA93DA5}.Release|Any CPU.ActiveCfg = Release|Any CPU
		{63A7DBDC-85A8-4840-B3B7-ECB61DA93DA5}.Release|Any CPU.Build.0 = Release|Any CPU
	EndGlobalSection
	GlobalSection(SolutionProperties) = preSolution
		HideSolutionNode = FALSE
	EndGlobalSection
	GlobalSection(NestedProjects) = preSolution
		{E2964E82-D0E0-40BF-9A24-50C8CCEA8AA7} = {78AEE656-0FDD-431E-8E8E-5763B13C8954}
		{B858B084-4AF3-4A1D-92CC-7989628CDB06} = {BAD6E16C-C332-4EB9-A919-D5DF4B857DF8}
		{C08C82DE-CABC-466B-A39A-55A6C1E05F9E} = {78AEE656-0FDD-431E-8E8E-5763B13C8954}
		{4A6A041C-BF0A-47C8-BC8A-3A6B4CBE8820} = {78AEE656-0FDD-431E-8E8E-5763B13C8954}
		{63A7DBDC-85A8-4840-B3B7-ECB61DA93DA5} = {BAD6E16C-C332-4EB9-A919-D5DF4B857DF8}
	EndGlobalSection
EndGlobal
